// !$*UTF8*$!
{
	archiveVersion = 1;
	classes = {
	};
	objectVersion = 51;
	objects = {

/* Begin PBXBuildFile section */
		19268856C9564D651F83F31D /* Pods_VKmessenger.framework in Frameworks */ = {isa = PBXBuildFile; fileRef = 11A9A89C641D424C697D68E0 /* Pods_VKmessenger.framework */; };
		B62C16852530FE350066E537 /* TableViewDelegate.swift in Sources */ = {isa = PBXBuildFile; fileRef = B62C16842530FE350066E537 /* TableViewDelegate.swift */; };
		B62C16882530FE650066E537 /* CollectionViewDelegate.swift in Sources */ = {isa = PBXBuildFile; fileRef = B62C16872530FE650066E537 /* CollectionViewDelegate.swift */; };
		B62C168C25311D080066E537 /* Authorization.swift in Sources */ = {isa = PBXBuildFile; fileRef = B62C168B25311D080066E537 /* Authorization.swift */; };
		B62C1691253125BF0066E537 /* DropDownMenu.swift in Sources */ = {isa = PBXBuildFile; fileRef = B62C1690253125BF0066E537 /* DropDownMenu.swift */; };
		B62C169825312F540066E537 /* ChatMenu.swift in Sources */ = {isa = PBXBuildFile; fileRef = B62C169725312F540066E537 /* ChatMenu.swift */; };
		B62C169B2532216E0066E537 /* MessageProcesser.swift in Sources */ = {isa = PBXBuildFile; fileRef = B62C169A2532216E0066E537 /* MessageProcesser.swift */; };
		B63CC10C2524D59100D76A4C /* AppDelegate.swift in Sources */ = {isa = PBXBuildFile; fileRef = B63CC10B2524D59100D76A4C /* AppDelegate.swift */; };
		B63CC10E2524D59100D76A4C /* SceneDelegate.swift in Sources */ = {isa = PBXBuildFile; fileRef = B63CC10D2524D59100D76A4C /* SceneDelegate.swift */; };
		B63CC1132524D59100D76A4C /* Main.storyboard in Resources */ = {isa = PBXBuildFile; fileRef = B63CC1112524D59100D76A4C /* Main.storyboard */; };
		B63CC1152524D59600D76A4C /* Assets.xcassets in Resources */ = {isa = PBXBuildFile; fileRef = B63CC1142524D59600D76A4C /* Assets.xcassets */; };
		B63CC1182524D59600D76A4C /* LaunchScreen.storyboard in Resources */ = {isa = PBXBuildFile; fileRef = B63CC1162524D59600D76A4C /* LaunchScreen.storyboard */; };
		B63CC1232524D8E600D76A4C /* ChatTableViewCell.swift in Sources */ = {isa = PBXBuildFile; fileRef = B63CC1212524D8E600D76A4C /* ChatTableViewCell.swift */; };
		B63CC1242524D8E600D76A4C /* ChatTableViewCell.xib in Resources */ = {isa = PBXBuildFile; fileRef = B63CC1222524D8E600D76A4C /* ChatTableViewCell.xib */; };
		B63CC1292524DBEF00D76A4C /* ChatsMenuViewController.swift in Sources */ = {isa = PBXBuildFile; fileRef = B63CC1282524DBEF00D76A4C /* ChatsMenuViewController.swift */; };
		B63CC14725253B6600D76A4C /* GoogleService-Info.plist in Resources */ = {isa = PBXBuildFile; fileRef = B63CC14625253B6600D76A4C /* GoogleService-Info.plist */; };
		B63CC1562525D21000D76A4C /* ChatViewController.swift in Sources */ = {isa = PBXBuildFile; fileRef = B63CC1552525D21000D76A4C /* ChatViewController.swift */; };
		B63CC18925273DCA00D76A4C /* SettingsViewController.swift in Sources */ = {isa = PBXBuildFile; fileRef = B63CC18825273DCA00D76A4C /* SettingsViewController.swift */; };
		B63CC18D2527490300D76A4C /* StartCommunicationViewController.swift in Sources */ = {isa = PBXBuildFile; fileRef = B63CC18C2527490300D76A4C /* StartCommunicationViewController.swift */; };
		B68B94A1252BB956001AE2EF /* ChatFolders.swift in Sources */ = {isa = PBXBuildFile; fileRef = B68B94A0252BB956001AE2EF /* ChatFolders.swift */; };
		B68B94C0252DF9F1001AE2EF /* ChatMenuCell.swift in Sources */ = {isa = PBXBuildFile; fileRef = B68B94BE252DF9F1001AE2EF /* ChatMenuCell.swift */; };
		B68B94C1252DF9F1001AE2EF /* ChatMenuCell.xib in Resources */ = {isa = PBXBuildFile; fileRef = B68B94BF252DF9F1001AE2EF /* ChatMenuCell.xib */; };
		B6ADB5CF252B7A27006598FF /* FolderCell.swift in Sources */ = {isa = PBXBuildFile; fileRef = B6ADB5CD252B7A27006598FF /* FolderCell.swift */; };
		B6ADB5D0252B7A27006598FF /* FolderCell.xib in Resources */ = {isa = PBXBuildFile; fileRef = B6ADB5CE252B7A27006598FF /* FolderCell.xib */; };
		B6C22AAC2528DF04001D33C0 /* MediaPickerController.swift in Sources */ = {isa = PBXBuildFile; fileRef = B6C22AAB2528DF04001D33C0 /* MediaPickerController.swift */; };
		B6C22AB5252928FE001D33C0 /* SettingTableViewCell.swift in Sources */ = {isa = PBXBuildFile; fileRef = B6C22AB3252928FE001D33C0 /* SettingTableViewCell.swift */; };
		B6C22AB6252928FE001D33C0 /* SettingTableViewCell.xib in Resources */ = {isa = PBXBuildFile; fileRef = B6C22AB4252928FE001D33C0 /* SettingTableViewCell.xib */; };
		B6C22ABC2529F6BC001D33C0 /* NotificationSettingsController.swift in Sources */ = {isa = PBXBuildFile; fileRef = B6C22ABB2529F6BC001D33C0 /* NotificationSettingsController.swift */; };
		B6C22ABF2529F6EC001D33C0 /* DoNotDisturbController.swift in Sources */ = {isa = PBXBuildFile; fileRef = B6C22ABE2529F6EC001D33C0 /* DoNotDisturbController.swift */; };
		B6C22AC22529F719001D33C0 /* AccountSettingsController.swift in Sources */ = {isa = PBXBuildFile; fileRef = B6C22AC12529F719001D33C0 /* AccountSettingsController.swift */; };
		B6C22AC62529F73F001D33C0 /* MainSettingsController.swift in Sources */ = {isa = PBXBuildFile; fileRef = B6C22AC52529F73F001D33C0 /* MainSettingsController.swift */; };
		B6C22AC92529F781001D33C0 /* AppearanceSettingsController.swift in Sources */ = {isa = PBXBuildFile; fileRef = B6C22AC82529F781001D33C0 /* AppearanceSettingsController.swift */; };
		B6C22ACD2529FDA8001D33C0 /* NotificationSettingCell.swift in Sources */ = {isa = PBXBuildFile; fileRef = B6C22ACB2529FDA8001D33C0 /* NotificationSettingCell.swift */; };
		B6C22ACE2529FDA8001D33C0 /* NotificationSettingCell.xib in Resources */ = {isa = PBXBuildFile; fileRef = B6C22ACC2529FDA8001D33C0 /* NotificationSettingCell.xib */; };
		B6E233FE253B21C200FF3510 /* IncomingMessageTableViewCell.swift in Sources */ = {isa = PBXBuildFile; fileRef = B6E233FC253B21C200FF3510 /* IncomingMessageTableViewCell.swift */; };
		B6E233FF253B21C200FF3510 /* IncomingMessageTableViewCell.xib in Resources */ = {isa = PBXBuildFile; fileRef = B6E233FD253B21C200FF3510 /* IncomingMessageTableViewCell.xib */; };
		B6E23406253B398700FF3510 /* OutgoingMessageTableViewCell.swift in Sources */ = {isa = PBXBuildFile; fileRef = B6E23404253B398700FF3510 /* OutgoingMessageTableViewCell.swift */; };
		B6E23407253B398700FF3510 /* OutgoingMessageTableViewCell.xib in Resources */ = {isa = PBXBuildFile; fileRef = B6E23405253B398700FF3510 /* OutgoingMessageTableViewCell.xib */; };
/* End PBXBuildFile section */

/* Begin PBXFileReference section */
		11A9A89C641D424C697D68E0 /* Pods_VKmessenger.framework */ = {isa = PBXFileReference; explicitFileType = wrapper.framework; includeInIndex = 0; path = Pods_VKmessenger.framework; sourceTree = BUILT_PRODUCTS_DIR; };
		2EC408FD6BAA81FD29AAEBA2 /* Pods-VKmessenger.release.xcconfig */ = {isa = PBXFileReference; includeInIndex = 1; lastKnownFileType = text.xcconfig; name = "Pods-VKmessenger.release.xcconfig"; path = "Target Support Files/Pods-VKmessenger/Pods-VKmessenger.release.xcconfig"; sourceTree = "<group>"; };
		A8DF9C0F8192D216F9B5E704 /* Pods-VKmessenger.debug.xcconfig */ = {isa = PBXFileReference; includeInIndex = 1; lastKnownFileType = text.xcconfig; name = "Pods-VKmessenger.debug.xcconfig"; path = "Target Support Files/Pods-VKmessenger/Pods-VKmessenger.debug.xcconfig"; sourceTree = "<group>"; };
		B62C16842530FE350066E537 /* TableViewDelegate.swift */ = {isa = PBXFileReference; lastKnownFileType = sourcecode.swift; path = TableViewDelegate.swift; sourceTree = "<group>"; };
		B62C16872530FE650066E537 /* CollectionViewDelegate.swift */ = {isa = PBXFileReference; lastKnownFileType = sourcecode.swift; path = CollectionViewDelegate.swift; sourceTree = "<group>"; };
		B62C168B25311D080066E537 /* Authorization.swift */ = {isa = PBXFileReference; lastKnownFileType = sourcecode.swift; path = Authorization.swift; sourceTree = "<group>"; };
		B62C1690253125BF0066E537 /* DropDownMenu.swift */ = {isa = PBXFileReference; lastKnownFileType = sourcecode.swift; path = DropDownMenu.swift; sourceTree = "<group>"; };
		B62C169725312F540066E537 /* ChatMenu.swift */ = {isa = PBXFileReference; fileEncoding = 4; lastKnownFileType = sourcecode.swift; path = ChatMenu.swift; sourceTree = "<group>"; };
		B62C169A2532216E0066E537 /* MessageProcesser.swift */ = {isa = PBXFileReference; lastKnownFileType = sourcecode.swift; path = MessageProcesser.swift; sourceTree = "<group>"; };
		B63CC1082524D59100D76A4C /* VKmessenger.app */ = {isa = PBXFileReference; explicitFileType = wrapper.application; includeInIndex = 0; path = VKmessenger.app; sourceTree = BUILT_PRODUCTS_DIR; };
		B63CC10B2524D59100D76A4C /* AppDelegate.swift */ = {isa = PBXFileReference; lastKnownFileType = sourcecode.swift; path = AppDelegate.swift; sourceTree = "<group>"; };
		B63CC10D2524D59100D76A4C /* SceneDelegate.swift */ = {isa = PBXFileReference; lastKnownFileType = sourcecode.swift; path = SceneDelegate.swift; sourceTree = "<group>"; };
		B63CC1122524D59100D76A4C /* Base */ = {isa = PBXFileReference; lastKnownFileType = file.storyboard; name = Base; path = Base.lproj/Main.storyboard; sourceTree = "<group>"; };
		B63CC1142524D59600D76A4C /* Assets.xcassets */ = {isa = PBXFileReference; lastKnownFileType = folder.assetcatalog; path = Assets.xcassets; sourceTree = "<group>"; };
		B63CC1172524D59600D76A4C /* Base */ = {isa = PBXFileReference; lastKnownFileType = file.storyboard; name = Base; path = Base.lproj/LaunchScreen.storyboard; sourceTree = "<group>"; };
		B63CC1192524D59600D76A4C /* Info.plist */ = {isa = PBXFileReference; lastKnownFileType = text.plist.xml; path = Info.plist; sourceTree = "<group>"; };
		B63CC1212524D8E600D76A4C /* ChatTableViewCell.swift */ = {isa = PBXFileReference; lastKnownFileType = sourcecode.swift; path = ChatTableViewCell.swift; sourceTree = "<group>"; };
		B63CC1222524D8E600D76A4C /* ChatTableViewCell.xib */ = {isa = PBXFileReference; lastKnownFileType = file.xib; path = ChatTableViewCell.xib; sourceTree = "<group>"; };
		B63CC1282524DBEF00D76A4C /* ChatsMenuViewController.swift */ = {isa = PBXFileReference; lastKnownFileType = sourcecode.swift; path = ChatsMenuViewController.swift; sourceTree = "<group>"; };
		B63CC14625253B6600D76A4C /* GoogleService-Info.plist */ = {isa = PBXFileReference; fileEncoding = 4; lastKnownFileType = text.plist.xml; path = "GoogleService-Info.plist"; sourceTree = "<group>"; };
		B63CC1552525D21000D76A4C /* ChatViewController.swift */ = {isa = PBXFileReference; lastKnownFileType = sourcecode.swift; path = ChatViewController.swift; sourceTree = "<group>"; };
		B63CC18825273DCA00D76A4C /* SettingsViewController.swift */ = {isa = PBXFileReference; lastKnownFileType = sourcecode.swift; path = SettingsViewController.swift; sourceTree = "<group>"; };
		B63CC18C2527490300D76A4C /* StartCommunicationViewController.swift */ = {isa = PBXFileReference; lastKnownFileType = sourcecode.swift; path = StartCommunicationViewController.swift; sourceTree = "<group>"; };
		B68B94A0252BB956001AE2EF /* ChatFolders.swift */ = {isa = PBXFileReference; lastKnownFileType = sourcecode.swift; path = ChatFolders.swift; sourceTree = "<group>"; };
		B68B94BE252DF9F1001AE2EF /* ChatMenuCell.swift */ = {isa = PBXFileReference; lastKnownFileType = sourcecode.swift; path = ChatMenuCell.swift; sourceTree = "<group>"; };
		B68B94BF252DF9F1001AE2EF /* ChatMenuCell.xib */ = {isa = PBXFileReference; lastKnownFileType = file.xib; path = ChatMenuCell.xib; sourceTree = "<group>"; };
		B6ADB5CD252B7A27006598FF /* FolderCell.swift */ = {isa = PBXFileReference; lastKnownFileType = sourcecode.swift; path = FolderCell.swift; sourceTree = "<group>"; };
		B6ADB5CE252B7A27006598FF /* FolderCell.xib */ = {isa = PBXFileReference; lastKnownFileType = file.xib; path = FolderCell.xib; sourceTree = "<group>"; };
		B6C22AAB2528DF04001D33C0 /* MediaPickerController.swift */ = {isa = PBXFileReference; lastKnownFileType = sourcecode.swift; path = MediaPickerController.swift; sourceTree = "<group>"; };
		B6C22AB3252928FE001D33C0 /* SettingTableViewCell.swift */ = {isa = PBXFileReference; lastKnownFileType = sourcecode.swift; path = SettingTableViewCell.swift; sourceTree = "<group>"; };
		B6C22AB4252928FE001D33C0 /* SettingTableViewCell.xib */ = {isa = PBXFileReference; lastKnownFileType = file.xib; path = SettingTableViewCell.xib; sourceTree = "<group>"; };
		B6C22ABB2529F6BC001D33C0 /* NotificationSettingsController.swift */ = {isa = PBXFileReference; lastKnownFileType = sourcecode.swift; path = NotificationSettingsController.swift; sourceTree = "<group>"; };
		B6C22ABE2529F6EC001D33C0 /* DoNotDisturbController.swift */ = {isa = PBXFileReference; lastKnownFileType = sourcecode.swift; path = DoNotDisturbController.swift; sourceTree = "<group>"; };
		B6C22AC12529F719001D33C0 /* AccountSettingsController.swift */ = {isa = PBXFileReference; lastKnownFileType = sourcecode.swift; path = AccountSettingsController.swift; sourceTree = "<group>"; };
		B6C22AC52529F73F001D33C0 /* MainSettingsController.swift */ = {isa = PBXFileReference; lastKnownFileType = sourcecode.swift; path = MainSettingsController.swift; sourceTree = "<group>"; };
		B6C22AC82529F781001D33C0 /* AppearanceSettingsController.swift */ = {isa = PBXFileReference; lastKnownFileType = sourcecode.swift; path = AppearanceSettingsController.swift; sourceTree = "<group>"; };
		B6C22ACB2529FDA8001D33C0 /* NotificationSettingCell.swift */ = {isa = PBXFileReference; lastKnownFileType = sourcecode.swift; path = NotificationSettingCell.swift; sourceTree = "<group>"; };
		B6C22ACC2529FDA8001D33C0 /* NotificationSettingCell.xib */ = {isa = PBXFileReference; lastKnownFileType = file.xib; path = NotificationSettingCell.xib; sourceTree = "<group>"; };
		B6E233FC253B21C200FF3510 /* IncomingMessageTableViewCell.swift */ = {isa = PBXFileReference; lastKnownFileType = sourcecode.swift; path = IncomingMessageTableViewCell.swift; sourceTree = "<group>"; };
		B6E233FD253B21C200FF3510 /* IncomingMessageTableViewCell.xib */ = {isa = PBXFileReference; lastKnownFileType = file.xib; path = IncomingMessageTableViewCell.xib; sourceTree = "<group>"; };
		B6E23404253B398700FF3510 /* OutgoingMessageTableViewCell.swift */ = {isa = PBXFileReference; lastKnownFileType = sourcecode.swift; path = OutgoingMessageTableViewCell.swift; sourceTree = "<group>"; };
		B6E23405253B398700FF3510 /* OutgoingMessageTableViewCell.xib */ = {isa = PBXFileReference; lastKnownFileType = file.xib; path = OutgoingMessageTableViewCell.xib; sourceTree = "<group>"; };
/* End PBXFileReference section */

/* Begin PBXFrameworksBuildPhase section */
		B63CC1052524D59100D76A4C /* Frameworks */ = {
			isa = PBXFrameworksBuildPhase;
			buildActionMask = 2147483647;
			files = (
				19268856C9564D651F83F31D /* Pods_VKmessenger.framework in Frameworks */,
			);
			runOnlyForDeploymentPostprocessing = 0;
		};
/* End PBXFrameworksBuildPhase section */

/* Begin PBXGroup section */
		015D0763E34F56CA96E1A136 /* Pods */ = {
			isa = PBXGroup;
			children = (
				A8DF9C0F8192D216F9B5E704 /* Pods-VKmessenger.debug.xcconfig */,
				2EC408FD6BAA81FD29AAEBA2 /* Pods-VKmessenger.release.xcconfig */,
			);
			path = Pods;
			sourceTree = "<group>";
		};
		B62C167E2530FDC10066E537 /* ChatsMenuViewController */ = {
			isa = PBXGroup;
			children = (
				B63CC1282524DBEF00D76A4C /* ChatsMenuViewController.swift */,
				B62C16842530FE350066E537 /* TableViewDelegate.swift */,
				B62C16872530FE650066E537 /* CollectionViewDelegate.swift */,
				B68B94A0252BB956001AE2EF /* ChatFolders.swift */,
				B62C1690253125BF0066E537 /* DropDownMenu.swift */,
			);
			name = ChatsMenuViewController;
			sourceTree = "<group>";
		};
		B62C168A25311CC60066E537 /* Authorization */ = {
			isa = PBXGroup;
			children = (
				B62C168B25311D080066E537 /* Authorization.swift */,
			);
			name = Authorization;
			sourceTree = "<group>";
		};
		B62C169325312E830066E537 /* ChatController */ = {
			isa = PBXGroup;
			children = (
				B63CC1552525D21000D76A4C /* ChatViewController.swift */,
				B62C169A2532216E0066E537 /* MessageProcesser.swift */,
				B62C169725312F540066E537 /* ChatMenu.swift */,
				B68B94BE252DF9F1001AE2EF /* ChatMenuCell.swift */,
				B68B94BF252DF9F1001AE2EF /* ChatMenuCell.xib */,
				B6E233FC253B21C200FF3510 /* IncomingMessageTableViewCell.swift */,
				B6E233FD253B21C200FF3510 /* IncomingMessageTableViewCell.xib */,
				B6E23404253B398700FF3510 /* OutgoingMessageTableViewCell.swift */,
				B6E23405253B398700FF3510 /* OutgoingMessageTableViewCell.xib */,
			);
			name = ChatController;
			sourceTree = "<group>";
		};
		B63CC0FF2524D59100D76A4C = {
			isa = PBXGroup;
			children = (
				B63CC10A2524D59100D76A4C /* VKmessenger */,
				B63CC1092524D59100D76A4C /* Products */,
				015D0763E34F56CA96E1A136 /* Pods */,
				FE104CE57484B24793CAC3D9 /* Frameworks */,
			);
			sourceTree = "<group>";
		};
		B63CC1092524D59100D76A4C /* Products */ = {
			isa = PBXGroup;
			children = (
				B63CC1082524D59100D76A4C /* VKmessenger.app */,
			);
			name = Products;
			sourceTree = "<group>";
		};
		B63CC10A2524D59100D76A4C /* VKmessenger */ = {
			isa = PBXGroup;
			children = (
				B62C169325312E830066E537 /* ChatController */,
				B62C168A25311CC60066E537 /* Authorization */,
				B62C167E2530FDC10066E537 /* ChatsMenuViewController */,
				B63CC18C2527490300D76A4C /* StartCommunicationViewController.swift */,
				B63CC18825273DCA00D76A4C /* SettingsViewController.swift */,
				B6C22AAB2528DF04001D33C0 /* MediaPickerController.swift */,
				B6C22ABB2529F6BC001D33C0 /* NotificationSettingsController.swift */,
				B6C22ABE2529F6EC001D33C0 /* DoNotDisturbController.swift */,
				B6C22AC12529F719001D33C0 /* AccountSettingsController.swift */,
				B6C22AC52529F73F001D33C0 /* MainSettingsController.swift */,
				B6C22AC82529F781001D33C0 /* AppearanceSettingsController.swift */,
				B6C22AB12529286D001D33C0 /* NIbs */,
				B63CC10D2524D59100D76A4C /* SceneDelegate.swift */,
				B63CC10B2524D59100D76A4C /* AppDelegate.swift */,
				B63CC1142524D59600D76A4C /* Assets.xcassets */,
				B63CC1112524D59100D76A4C /* Main.storyboard */,
				B63CC1162524D59600D76A4C /* LaunchScreen.storyboard */,
				B63CC14625253B6600D76A4C /* GoogleService-Info.plist */,
				B63CC1192524D59600D76A4C /* Info.plist */,
			);
			path = VKmessenger;
			sourceTree = "<group>";
		};
		B6C22AB12529286D001D33C0 /* NIbs */ = {
			isa = PBXGroup;
			children = (
				B63CC1212524D8E600D76A4C /* ChatTableViewCell.swift */,
				B63CC1222524D8E600D76A4C /* ChatTableViewCell.xib */,
				B6C22AB3252928FE001D33C0 /* SettingTableViewCell.swift */,
				B6C22AB4252928FE001D33C0 /* SettingTableViewCell.xib */,
				B6C22ACB2529FDA8001D33C0 /* NotificationSettingCell.swift */,
				B6C22ACC2529FDA8001D33C0 /* NotificationSettingCell.xib */,
				B6ADB5CD252B7A27006598FF /* FolderCell.swift */,
				B6ADB5CE252B7A27006598FF /* FolderCell.xib */,
			);
			path = NIbs;
			sourceTree = "<group>";
		};
		FE104CE57484B24793CAC3D9 /* Frameworks */ = {
			isa = PBXGroup;
			children = (
				11A9A89C641D424C697D68E0 /* Pods_VKmessenger.framework */,
			);
			name = Frameworks;
			sourceTree = "<group>";
		};
/* End PBXGroup section */

/* Begin PBXNativeTarget section */
		B63CC1072524D59100D76A4C /* VKmessenger */ = {
			isa = PBXNativeTarget;
			buildConfigurationList = B63CC11C2524D59600D76A4C /* Build configuration list for PBXNativeTarget "VKmessenger" */;
			buildPhases = (
				9A5FF8DFE14626479954C33A /* [CP] Check Pods Manifest.lock */,
				B63CC1042524D59100D76A4C /* Sources */,
				B63CC1052524D59100D76A4C /* Frameworks */,
				B63CC1062524D59100D76A4C /* Resources */,
				6454B007194568B2F3DE2957 /* [CP] Embed Pods Frameworks */,
			);
			buildRules = (
			);
			dependencies = (
			);
			name = VKmessenger;
			productName = VKmessenger;
			productReference = B63CC1082524D59100D76A4C /* VKmessenger.app */;
			productType = "com.apple.product-type.application";
		};
/* End PBXNativeTarget section */

/* Begin PBXProject section */
		B63CC1002524D59100D76A4C /* Project object */ = {
			isa = PBXProject;
			attributes = {
				LastSwiftUpdateCheck = 1200;
				LastUpgradeCheck = 1200;
				TargetAttributes = {
					B63CC1072524D59100D76A4C = {
						CreatedOnToolsVersion = 12.0.1;
					};
				};
			};
			buildConfigurationList = B63CC1032524D59100D76A4C /* Build configuration list for PBXProject "VKmessenger" */;
			compatibilityVersion = "Xcode 9.3";
			developmentRegion = en;
			hasScannedForEncodings = 0;
			knownRegions = (
				en,
				Base,
			);
			mainGroup = B63CC0FF2524D59100D76A4C;
			productRefGroup = B63CC1092524D59100D76A4C /* Products */;
			projectDirPath = "";
			projectRoot = "";
			targets = (
				B63CC1072524D59100D76A4C /* VKmessenger */,
			);
		};
/* End PBXProject section */

/* Begin PBXResourcesBuildPhase section */
		B63CC1062524D59100D76A4C /* Resources */ = {
			isa = PBXResourcesBuildPhase;
			buildActionMask = 2147483647;
			files = (
				B63CC1182524D59600D76A4C /* LaunchScreen.storyboard in Resources */,
				B6E233FF253B21C200FF3510 /* IncomingMessageTableViewCell.xib in Resources */,
				B6C22ACE2529FDA8001D33C0 /* NotificationSettingCell.xib in Resources */,
				B63CC1242524D8E600D76A4C /* ChatTableViewCell.xib in Resources */,
				B6ADB5D0252B7A27006598FF /* FolderCell.xib in Resources */,
				B6C22AB6252928FE001D33C0 /* SettingTableViewCell.xib in Resources */,
				B68B94C1252DF9F1001AE2EF /* ChatMenuCell.xib in Resources */,
				B63CC1152524D59600D76A4C /* Assets.xcassets in Resources */,
				B63CC14725253B6600D76A4C /* GoogleService-Info.plist in Resources */,
				B6E23407253B398700FF3510 /* OutgoingMessageTableViewCell.xib in Resources */,
				B63CC1132524D59100D76A4C /* Main.storyboard in Resources */,
			);
			runOnlyForDeploymentPostprocessing = 0;
		};
/* End PBXResourcesBuildPhase section */

/* Begin PBXShellScriptBuildPhase section */
		6454B007194568B2F3DE2957 /* [CP] Embed Pods Frameworks */ = {
			isa = PBXShellScriptBuildPhase;
			buildActionMask = 2147483647;
			files = (
			);
			inputFileListPaths = (
				"${PODS_ROOT}/Target Support Files/Pods-VKmessenger/Pods-VKmessenger-frameworks-${CONFIGURATION}-input-files.xcfilelist",
			);
			name = "[CP] Embed Pods Frameworks";
			outputFileListPaths = (
				"${PODS_ROOT}/Target Support Files/Pods-VKmessenger/Pods-VKmessenger-frameworks-${CONFIGURATION}-output-files.xcfilelist",
			);
			runOnlyForDeploymentPostprocessing = 0;
			shellPath = /bin/sh;
			shellScript = "\"${PODS_ROOT}/Target Support Files/Pods-VKmessenger/Pods-VKmessenger-frameworks.sh\"\n";
			showEnvVarsInLog = 0;
		};
		9A5FF8DFE14626479954C33A /* [CP] Check Pods Manifest.lock */ = {
			isa = PBXShellScriptBuildPhase;
			buildActionMask = 2147483647;
			files = (
			);
			inputFileListPaths = (
			);
			inputPaths = (
				"${PODS_PODFILE_DIR_PATH}/Podfile.lock",
				"${PODS_ROOT}/Manifest.lock",
			);
			name = "[CP] Check Pods Manifest.lock";
			outputFileListPaths = (
			);
			outputPaths = (
				"$(DERIVED_FILE_DIR)/Pods-VKmessenger-checkManifestLockResult.txt",
			);
			runOnlyForDeploymentPostprocessing = 0;
			shellPath = /bin/sh;
			shellScript = "diff \"${PODS_PODFILE_DIR_PATH}/Podfile.lock\" \"${PODS_ROOT}/Manifest.lock\" > /dev/null\nif [ $? != 0 ] ; then\n    # print error to STDERR\n    echo \"error: The sandbox is not in sync with the Podfile.lock. Run 'pod install' or update your CocoaPods installation.\" >&2\n    exit 1\nfi\n# This output is used by Xcode 'outputs' to avoid re-running this script phase.\necho \"SUCCESS\" > \"${SCRIPT_OUTPUT_FILE_0}\"\n";
			showEnvVarsInLog = 0;
		};
/* End PBXShellScriptBuildPhase section */

/* Begin PBXSourcesBuildPhase section */
		B63CC1042524D59100D76A4C /* Sources */ = {
			isa = PBXSourcesBuildPhase;
			buildActionMask = 2147483647;
			files = (
				B6C22AC22529F719001D33C0 /* AccountSettingsController.swift in Sources */,
				B6C22AAC2528DF04001D33C0 /* MediaPickerController.swift in Sources */,
				B6C22ABC2529F6BC001D33C0 /* NotificationSettingsController.swift in Sources */,
				B62C169B2532216E0066E537 /* MessageProcesser.swift in Sources */,
				B6C22ABF2529F6EC001D33C0 /* DoNotDisturbController.swift in Sources */,
				B68B94A1252BB956001AE2EF /* ChatFolders.swift in Sources */,
				B6C22AC92529F781001D33C0 /* AppearanceSettingsController.swift in Sources */,
				B63CC1232524D8E600D76A4C /* ChatTableViewCell.swift in Sources */,
				B63CC10C2524D59100D76A4C /* AppDelegate.swift in Sources */,
				B6ADB5CF252B7A27006598FF /* FolderCell.swift in Sources */,
				B6E233FE253B21C200FF3510 /* IncomingMessageTableViewCell.swift in Sources */,
				B6C22AB5252928FE001D33C0 /* SettingTableViewCell.swift in Sources */,
				B62C169825312F540066E537 /* ChatMenu.swift in Sources */,
				B6E23406253B398700FF3510 /* OutgoingMessageTableViewCell.swift in Sources */,
				B63CC10E2524D59100D76A4C /* SceneDelegate.swift in Sources */,
				B62C1691253125BF0066E537 /* DropDownMenu.swift in Sources */,
				B63CC1562525D21000D76A4C /* ChatViewController.swift in Sources */,
				B62C168C25311D080066E537 /* Authorization.swift in Sources */,
				B6C22AC62529F73F001D33C0 /* MainSettingsController.swift in Sources */,
				B63CC1292524DBEF00D76A4C /* ChatsMenuViewController.swift in Sources */,
				B63CC18D2527490300D76A4C /* StartCommunicationViewController.swift in Sources */,
				B68B94C0252DF9F1001AE2EF /* ChatMenuCell.swift in Sources */,
				B62C16852530FE350066E537 /* TableViewDelegate.swift in Sources */,
				B62C16882530FE650066E537 /* CollectionViewDelegate.swift in Sources */,
				B6C22ACD2529FDA8001D33C0 /* NotificationSettingCell.swift in Sources */,
				B63CC18925273DCA00D76A4C /* SettingsViewController.swift in Sources */,
			);
			runOnlyForDeploymentPostprocessing = 0;
		};
/* End PBXSourcesBuildPhase section */

/* Begin PBXVariantGroup section */
		B63CC1112524D59100D76A4C /* Main.storyboard */ = {
			isa = PBXVariantGroup;
			children = (
				B63CC1122524D59100D76A4C /* Base */,
			);
			name = Main.storyboard;
			sourceTree = "<group>";
		};
		B63CC1162524D59600D76A4C /* LaunchScreen.storyboard */ = {
			isa = PBXVariantGroup;
			children = (
				B63CC1172524D59600D76A4C /* Base */,
			);
			name = LaunchScreen.storyboard;
			sourceTree = "<group>";
		};
/* End PBXVariantGroup section */

/* Begin XCBuildConfiguration section */
		B63CC11A2524D59600D76A4C /* Debug */ = {
			isa = XCBuildConfiguration;
			buildSettings = {
				ALWAYS_SEARCH_USER_PATHS = NO;
				CLANG_ANALYZER_NONNULL = YES;
				CLANG_ANALYZER_NUMBER_OBJECT_CONVERSION = YES_AGGRESSIVE;
				CLANG_CXX_LANGUAGE_STANDARD = "gnu++14";
				CLANG_CXX_LIBRARY = "libc++";
				CLANG_ENABLE_MODULES = YES;
				CLANG_ENABLE_OBJC_ARC = YES;
				CLANG_ENABLE_OBJC_WEAK = YES;
				CLANG_WARN_BLOCK_CAPTURE_AUTORELEASING = YES;
				CLANG_WARN_BOOL_CONVERSION = YES;
				CLANG_WARN_COMMA = YES;
				CLANG_WARN_CONSTANT_CONVERSION = YES;
				CLANG_WARN_DEPRECATED_OBJC_IMPLEMENTATIONS = YES;
				CLANG_WARN_DIRECT_OBJC_ISA_USAGE = YES_ERROR;
				CLANG_WARN_DOCUMENTATION_COMMENTS = YES;
				CLANG_WARN_EMPTY_BODY = YES;
				CLANG_WARN_ENUM_CONVERSION = YES;
				CLANG_WARN_INFINITE_RECURSION = YES;
				CLANG_WARN_INT_CONVERSION = YES;
				CLANG_WARN_NON_LITERAL_NULL_CONVERSION = YES;
				CLANG_WARN_OBJC_IMPLICIT_RETAIN_SELF = YES;
				CLANG_WARN_OBJC_LITERAL_CONVERSION = YES;
				CLANG_WARN_OBJC_ROOT_CLASS = YES_ERROR;
				CLANG_WARN_QUOTED_INCLUDE_IN_FRAMEWORK_HEADER = YES;
				CLANG_WARN_RANGE_LOOP_ANALYSIS = YES;
				CLANG_WARN_STRICT_PROTOTYPES = YES;
				CLANG_WARN_SUSPICIOUS_MOVE = YES;
				CLANG_WARN_UNGUARDED_AVAILABILITY = YES_AGGRESSIVE;
				CLANG_WARN_UNREACHABLE_CODE = YES;
				CLANG_WARN__DUPLICATE_METHOD_MATCH = YES;
				COPY_PHASE_STRIP = NO;
				DEBUG_INFORMATION_FORMAT = dwarf;
				ENABLE_STRICT_OBJC_MSGSEND = YES;
				ENABLE_TESTABILITY = YES;
				GCC_C_LANGUAGE_STANDARD = gnu11;
				GCC_DYNAMIC_NO_PIC = NO;
				GCC_NO_COMMON_BLOCKS = YES;
				GCC_OPTIMIZATION_LEVEL = 0;
				GCC_PREPROCESSOR_DEFINITIONS = (
					"DEBUG=1",
					"$(inherited)",
				);
				GCC_WARN_64_TO_32_BIT_CONVERSION = YES;
				GCC_WARN_ABOUT_RETURN_TYPE = YES_ERROR;
				GCC_WARN_UNDECLARED_SELECTOR = YES;
				GCC_WARN_UNINITIALIZED_AUTOS = YES_AGGRESSIVE;
				GCC_WARN_UNUSED_FUNCTION = YES;
				GCC_WARN_UNUSED_VARIABLE = YES;
				IPHONEOS_DEPLOYMENT_TARGET = 14.0;
				MTL_ENABLE_DEBUG_INFO = INCLUDE_SOURCE;
				MTL_FAST_MATH = YES;
				ONLY_ACTIVE_ARCH = YES;
				SDKROOT = iphoneos;
				SWIFT_ACTIVE_COMPILATION_CONDITIONS = DEBUG;
				SWIFT_OPTIMIZATION_LEVEL = "-Onone";
			};
			name = Debug;
		};
		B63CC11B2524D59600D76A4C /* Release */ = {
			isa = XCBuildConfiguration;
			buildSettings = {
				ALWAYS_SEARCH_USER_PATHS = NO;
				CLANG_ANALYZER_NONNULL = YES;
				CLANG_ANALYZER_NUMBER_OBJECT_CONVERSION = YES_AGGRESSIVE;
				CLANG_CXX_LANGUAGE_STANDARD = "gnu++14";
				CLANG_CXX_LIBRARY = "libc++";
				CLANG_ENABLE_MODULES = YES;
				CLANG_ENABLE_OBJC_ARC = YES;
				CLANG_ENABLE_OBJC_WEAK = YES;
				CLANG_WARN_BLOCK_CAPTURE_AUTORELEASING = YES;
				CLANG_WARN_BOOL_CONVERSION = YES;
				CLANG_WARN_COMMA = YES;
				CLANG_WARN_CONSTANT_CONVERSION = YES;
				CLANG_WARN_DEPRECATED_OBJC_IMPLEMENTATIONS = YES;
				CLANG_WARN_DIRECT_OBJC_ISA_USAGE = YES_ERROR;
				CLANG_WARN_DOCUMENTATION_COMMENTS = YES;
				CLANG_WARN_EMPTY_BODY = YES;
				CLANG_WARN_ENUM_CONVERSION = YES;
				CLANG_WARN_INFINITE_RECURSION = YES;
				CLANG_WARN_INT_CONVERSION = YES;
				CLANG_WARN_NON_LITERAL_NULL_CONVERSION = YES;
				CLANG_WARN_OBJC_IMPLICIT_RETAIN_SELF = YES;
				CLANG_WARN_OBJC_LITERAL_CONVERSION = YES;
				CLANG_WARN_OBJC_ROOT_CLASS = YES_ERROR;
				CLANG_WARN_QUOTED_INCLUDE_IN_FRAMEWORK_HEADER = YES;
				CLANG_WARN_RANGE_LOOP_ANALYSIS = YES;
				CLANG_WARN_STRICT_PROTOTYPES = YES;
				CLANG_WARN_SUSPICIOUS_MOVE = YES;
				CLANG_WARN_UNGUARDED_AVAILABILITY = YES_AGGRESSIVE;
				CLANG_WARN_UNREACHABLE_CODE = YES;
				CLANG_WARN__DUPLICATE_METHOD_MATCH = YES;
				COPY_PHASE_STRIP = NO;
				DEBUG_INFORMATION_FORMAT = "dwarf-with-dsym";
				ENABLE_NS_ASSERTIONS = NO;
				ENABLE_STRICT_OBJC_MSGSEND = YES;
				GCC_C_LANGUAGE_STANDARD = gnu11;
				GCC_NO_COMMON_BLOCKS = YES;
				GCC_WARN_64_TO_32_BIT_CONVERSION = YES;
				GCC_WARN_ABOUT_RETURN_TYPE = YES_ERROR;
				GCC_WARN_UNDECLARED_SELECTOR = YES;
				GCC_WARN_UNINITIALIZED_AUTOS = YES_AGGRESSIVE;
				GCC_WARN_UNUSED_FUNCTION = YES;
				GCC_WARN_UNUSED_VARIABLE = YES;
				IPHONEOS_DEPLOYMENT_TARGET = 14.0;
				MTL_ENABLE_DEBUG_INFO = NO;
				MTL_FAST_MATH = YES;
				SDKROOT = iphoneos;
				SWIFT_COMPILATION_MODE = wholemodule;
				SWIFT_OPTIMIZATION_LEVEL = "-O";
				VALIDATE_PRODUCT = YES;
			};
			name = Release;
		};
		B63CC11D2524D59600D76A4C /* Debug */ = {
			isa = XCBuildConfiguration;
			baseConfigurationReference = A8DF9C0F8192D216F9B5E704 /* Pods-VKmessenger.debug.xcconfig */;
			buildSettings = {
				ASSETCATALOG_COMPILER_APPICON_NAME = AppIcon;
				ASSETCATALOG_COMPILER_GLOBAL_ACCENT_COLOR_NAME = AccentColor;
				CODE_SIGN_STYLE = Automatic;
				DEVELOPMENT_TEAM = 826VQ4NPS4;
				INFOPLIST_FILE = VKmessenger/Info.plist;
				LD_RUNPATH_SEARCH_PATHS = (
					"$(inherited)",
					"@executable_path/Frameworks",
				);
				PRODUCT_BUNDLE_IDENTIFIER = turkaev.usman.VKmessenger;
				PRODUCT_NAME = "$(TARGET_NAME)";
				SWIFT_VERSION = 5.0;
				TARGETED_DEVICE_FAMILY = 1;
			};
			name = Debug;
		};
		B63CC11E2524D59600D76A4C /* Release */ = {
			isa = XCBuildConfiguration;
			baseConfigurationReference = 2EC408FD6BAA81FD29AAEBA2 /* Pods-VKmessenger.release.xcconfig */;
			buildSettings = {
				ASSETCATALOG_COMPILER_APPICON_NAME = AppIcon;
				ASSETCATALOG_COMPILER_GLOBAL_ACCENT_COLOR_NAME = AccentColor;
				CODE_SIGN_STYLE = Automatic;
				DEVELOPMENT_TEAM = 826VQ4NPS4;
				INFOPLIST_FILE = VKmessenger/Info.plist;
				LD_RUNPATH_SEARCH_PATHS = (
					"$(inherited)",
					"@executable_path/Frameworks",
				);
				PRODUCT_BUNDLE_IDENTIFIER = turkaev.usman.VKmessenger;
				PRODUCT_NAME = "$(TARGET_NAME)";
				SWIFT_VERSION = 5.0;
				TARGETED_DEVICE_FAMILY = 1;
			};
			name = Release;
		};
/* End XCBuildConfiguration section */

/* Begin XCConfigurationList section */
		B63CC1032524D59100D76A4C /* Build configuration list for PBXProject "VKmessenger" */ = {
			isa = XCConfigurationList;
			buildConfigurations = (
				B63CC11A2524D59600D76A4C /* Debug */,
				B63CC11B2524D59600D76A4C /* Release */,
			);
			defaultConfigurationIsVisible = 0;
			defaultConfigurationName = Release;
		};
		B63CC11C2524D59600D76A4C /* Build configuration list for PBXNativeTarget "VKmessenger" */ = {
			isa = XCConfigurationList;
			buildConfigurations = (
				B63CC11D2524D59600D76A4C /* Debug */,
				B63CC11E2524D59600D76A4C /* Release */,
			);
			defaultConfigurationIsVisible = 0;
			defaultConfigurationName = Release;
		};
/* End XCConfigurationList section */
	};
	rootObject = B63CC1002524D59100D76A4C /* Project object */;
}
